
Microsoft Visual Studio Solution File, Format Version 12.00
# Visual Studio Version 17
VisualStudioVersion = 17.0.31903.59
MinimumVisualStudioVersion = 10.0.40219.1
Project("{FAE04EC0-301F-11D3-BF4B-00C04F79EFBC}") = "SQLiteTableCar", "SQLiteTableCar\SQLiteTableCar.csproj", "{EF7B2918-9D4A-422B-91CA-E0357AF781AA}"
EndProject
Global
	GlobalSection(SolutionConfigurationPlatforms) = preSolution
		Debug|Any CPU = Debug|Any CPU
		Release|Any CPU = Release|Any CPU
	EndGlobalSection
	GlobalSection(ProjectConfigurationPlatforms) = postSolution
		{EF7B2918-9D4A-422B-91CA-E0357AF781AA}.Debug|Any CPU.ActiveCfg = Debug|Any CPU
		{EF7B2918-9D4A-422B-91CA-E0357AF781AA}.Debug|Any CPU.Build.0 = Debug|Any CPU
		{EF7B2918-9D4A-422B-91CA-E0357AF781AA}.Release|Any CPU.ActiveCfg = Release|Any CPU
		{EF7B2918-9D4A-422B-91CA-E0357AF781AA}.Release|Any CPU.Build.0 = Release|Any CPU
	EndGlobalSection
	GlobalSection(SolutionProperties) = preSolution
		HideSolutionNode = FALSE
	EndGlobalSection
EndGlobal
